
Microsoft Visual Studio Solution File, Format Version 12.00
# Visual Studio 2013
VisualStudioVersion = 12.0.40629.0
MinimumVisualStudioVersion = 10.0.40219.1
Project("{8BC9CEB8-8B4A-11D0-8D11-00A0C91BC942}") = "RosalindDDeg", "RosalindDDeg\RosalindDDeg.vcxproj", "{3C9624C9-543F-494A-B18F-B7EFD0D8344A}"
EndProject
Project("{8BC9CEB8-8B4A-11D0-8D11-00A0C91BC942}") = "RosalindCC", "RosalindCC\RosalindCC.vcxproj", "{054314C1-1FC5-4E1B-8B43-6ECE6C10773B}"
EndProject
Project("{8BC9CEB8-8B4A-11D0-8D11-00A0C91BC942}") = "RosalindBFS", "RosalindBFS\RosalindBFS.vcxproj", "{DC3886E9-5B8E-484D-B3A6-F57FA7F57746}"
EndProject
Project("{8BC9CEB8-8B4A-11D0-8D11-00A0C91BC942}") = "RosalindDij", "RosalindDij\RosalindDij.vcxproj", "{D522BA66-C760-447C-87D5-4C19662A32C5}"
EndProject
Project("{8BC9CEB8-8B4A-11D0-8D11-00A0C91BC942}") = "RosalindBip", "RosalindBip\RosalindBip.vcxproj", "{C950B530-8788-44A0-AB44-3BD3E19D4468}"
EndProject
Project("{8BC9CEB8-8B4A-11D0-8D11-00A0C91BC942}") = "RosalindDag", "RosalindDag\RosalindDag.vcxproj", "{F3C836DE-FB34-4345-87AD-545914321881}"
EndProject
Project("{8BC9CEB8-8B4A-11D0-8D11-00A0C91BC942}") = "RosalindFibo", "RosalindFibo\RosalindFibo.vcxproj", "{F0189853-DFE1-4B23-920A-703AFDE34F4B}"
EndProject
Project("{8BC9CEB8-8B4A-11D0-8D11-00A0C91BC942}") = "RosalindDeg", "RosalindDeg\RosalindDeg.vcxproj", "{4C6D9480-B7F7-40C5-A7CA-6454CCDE21A0}"
EndProject
Project("{8BC9CEB8-8B4A-11D0-8D11-00A0C91BC942}") = "Superman", "Superman\Superman.vcxproj", "{54EE6015-19C9-460E-BC82-1F6DB65D5B4C}"
EndProject
Project("{8BC9CEB8-8B4A-11D0-8D11-00A0C91BC942}") = "Queens", "Queens\Queens.vcxproj", "{00FCCCDA-9662-45C7-9E79-6DA70AD9BE72}"
EndProject
Project("{8BC9CEB8-8B4A-11D0-8D11-00A0C91BC942}") = "RosalindSq", "RosalindSq\RosalindSq.vcxproj", "{413F44C8-05F2-46C6-8236-E5D1941F3D9D}"
EndProject
Project("{8BC9CEB8-8B4A-11D0-8D11-00A0C91BC942}") = "RosalindTs", "RosalindTs\RosalindTs.vcxproj", "{6E5B7B8F-732B-45AE-AE7C-15F7A0BD620C}"
EndProject
Project("{8BC9CEB8-8B4A-11D0-8D11-00A0C91BC942}") = "RosalindScc", "RosalindScc\RosalindScc.vcxproj", "{006D593B-B686-4CD9-8722-6806A44AC5BB}"
EndProject
Project("{8BC9CEB8-8B4A-11D0-8D11-00A0C91BC942}") = "RosalindSC", "RosalindSC\RosalindSC.vcxproj", "{5224FFC1-0EA3-4C08-9B85-F64CBBC9925C}"
EndProject
Project("{8BC9CEB8-8B4A-11D0-8D11-00A0C91BC942}") = "RosalindBF", "RosalindBF\RosalindBF.vcxproj", "{134A5239-E08F-4C3E-BEB9-E5430A3D24C0}"
EndProject
Project("{8BC9CEB8-8B4A-11D0-8D11-00A0C91BC942}") = "RosalindNWC", "RosalindNWC\RosalindNWC.vcxproj", "{6B046CF6-DAED-47FA-98E3-14BD0EFB851B}"
EndProject
Project("{8BC9CEB8-8B4A-11D0-8D11-00A0C91BC942}") = "RosalindGS", "RosalindGS\RosalindGS.vcxproj", "{AF8E20FE-8B78-4B28-BD6F-0A466C185FC1}"
EndProject
Project("{8BC9CEB8-8B4A-11D0-8D11-00A0C91BC942}") = "SWTest-Cycles", "SWTest-Cycles\SWTest-Cycles.vcxproj", "{2B020CE7-75A2-4BAD-B1AE-9C3E834511AC}"
EndProject
Project("{8BC9CEB8-8B4A-11D0-8D11-00A0C91BC942}") = "SWTest-Orcs", "SWTest-Orcs\SWTest-Orcs.vcxproj", "{3819B757-CFFB-4AF6-891E-FF2DE701DFD4}"
EndProject
Project("{8BC9CEB8-8B4A-11D0-8D11-00A0C91BC942}") = "SWUTest-TreeDiameter", "SWUTest-TreeDiameter\SWUTest-TreeDiameter.vcxproj", "{FC7C55D5-5AA9-411E-8636-0E53C07B606A}"
EndProject
Project("{8BC9CEB8-8B4A-11D0-8D11-00A0C91BC942}") = "SoTong-CompanyTrackMeet", "SoTong-CompanyTrackMeet\Sotong-CompanyTrackMeet.vcxproj", "{A1A4886A-AA48-4A07-94F8-4705815741F7}"
EndProject
Project("{8BC9CEB8-8B4A-11D0-8D11-00A0C91BC942}") = "SoTong-LuckyList", "SoTong-LuckyList\SoTong-LuckyList.vcxproj", "{2EEDD012-5D4A-4896-8147-392177B62F7D}"
EndProject
Project("{8BC9CEB8-8B4A-11D0-8D11-00A0C91BC942}") = "SoTong-ClimbingStairs", "SoTong-ClimbingStairs\SoTong-ClimbingStairs.vcxproj", "{134690EE-8008-4FFC-B578-BDFF47F3840D}"
EndProject
Project("{8BC9CEB8-8B4A-11D0-8D11-00A0C91BC942}") = "SWTest-Tunels", "SWTest-Tunels\SWTest-Tunels.vcxproj", "{4A5CC8DB-CD04-43B1-968C-BD43E4091161}"
EndProject
Project("{8BC9CEB8-8B4A-11D0-8D11-00A0C91BC942}") = "SWTest-Tires", "SWTest-Tires\SWTest-Tires.vcxproj", "{E2F55A8F-3700-411D-81CA-47DBD087C1FC}"
EndProject
Project("{8BC9CEB8-8B4A-11D0-8D11-00A0C91BC942}") = "SWTest-Fishing", "SWTest-Fishing\SWTest-Fishing.vcxproj", "{16D6528E-E2E6-4569-BA28-13BCC793B851}"
EndProject
Project("{8BC9CEB8-8B4A-11D0-8D11-00A0C91BC942}") = "HackerModFib", "HackerModFib\HackerModFib.vcxproj", "{32A5E173-2D4A-48AA-86E7-827926C38AE4}"
EndProject
Project("{8BC9CEB8-8B4A-11D0-8D11-00A0C91BC942}") = "HackerRepairRoads", "HackerRepairRoads\HackerRepairRoads.vcxproj", "{BB71CB90-AD34-4890-B243-E15F43614B76}"
EndProject
Project("{8BC9CEB8-8B4A-11D0-8D11-00A0C91BC942}") = "CodilityRoads", "CodilityRoads\CodilityRoads.vcxproj", "{BF4D4116-AD9D-49EF-B3CD-D886F741F6C3}"
EndProject
Project("{8BC9CEB8-8B4A-11D0-8D11-00A0C91BC942}") = "CodilityAdjacent", "CodilityAdjacent\CodilityAdjacent.vcxproj", "{C24977D7-2DEB-498B-8813-E59A6A6C8AB5}"
EndProject
Project("{8BC9CEB8-8B4A-11D0-8D11-00A0C91BC942}") = "HackerAlmostSorted", "HackerAlmostSorted\HackerAlmostSorted.vcxproj", "{3DC36031-BD29-45BC-A05A-0622901FAD2F}"
EndProject
Project("{8BC9CEB8-8B4A-11D0-8D11-00A0C91BC942}") = "SWTest-Database", "SWTest-Database\SWTest-Database.vcxproj", "{56BDA950-37EB-46E0-9CC3-465AFAA5D5FE}"
EndProject
Global
	GlobalSection(SolutionConfigurationPlatforms) = preSolution
		Debug|Win32 = Debug|Win32
		Debug|x64 = Debug|x64
		Release|Win32 = Release|Win32
		Release|x64 = Release|x64
	EndGlobalSection
	GlobalSection(ProjectConfigurationPlatforms) = postSolution
		{3C9624C9-543F-494A-B18F-B7EFD0D8344A}.Debug|Win32.ActiveCfg = Debug|Win32
		{3C9624C9-543F-494A-B18F-B7EFD0D8344A}.Debug|Win32.Build.0 = Debug|Win32
		{3C9624C9-543F-494A-B18F-B7EFD0D8344A}.Debug|x64.ActiveCfg = Debug|Win32
		{3C9624C9-543F-494A-B18F-B7EFD0D8344A}.Release|Win32.ActiveCfg = Release|Win32
		{3C9624C9-543F-494A-B18F-B7EFD0D8344A}.Release|Win32.Build.0 = Release|Win32
		{3C9624C9-543F-494A-B18F-B7EFD0D8344A}.Release|x64.ActiveCfg = Release|Win32
		{054314C1-1FC5-4E1B-8B43-6ECE6C10773B}.Debug|Win32.ActiveCfg = Debug|Win32
		{054314C1-1FC5-4E1B-8B43-6ECE6C10773B}.Debug|Win32.Build.0 = Debug|Win32
		{054314C1-1FC5-4E1B-8B43-6ECE6C10773B}.Debug|x64.ActiveCfg = Debug|Win32
		{054314C1-1FC5-4E1B-8B43-6ECE6C10773B}.Release|Win32.ActiveCfg = Release|Win32
		{054314C1-1FC5-4E1B-8B43-6ECE6C10773B}.Release|Win32.Build.0 = Release|Win32
		{054314C1-1FC5-4E1B-8B43-6ECE6C10773B}.Release|x64.ActiveCfg = Release|Win32
		{DC3886E9-5B8E-484D-B3A6-F57FA7F57746}.Debug|Win32.ActiveCfg = Debug|Win32
		{DC3886E9-5B8E-484D-B3A6-F57FA7F57746}.Debug|Win32.Build.0 = Debug|Win32
		{DC3886E9-5B8E-484D-B3A6-F57FA7F57746}.Debug|x64.ActiveCfg = Debug|Win32
		{DC3886E9-5B8E-484D-B3A6-F57FA7F57746}.Release|Win32.ActiveCfg = Release|Win32
		{DC3886E9-5B8E-484D-B3A6-F57FA7F57746}.Release|Win32.Build.0 = Release|Win32
		{DC3886E9-5B8E-484D-B3A6-F57FA7F57746}.Release|x64.ActiveCfg = Release|Win32
		{D522BA66-C760-447C-87D5-4C19662A32C5}.Debug|Win32.ActiveCfg = Debug|Win32
		{D522BA66-C760-447C-87D5-4C19662A32C5}.Debug|Win32.Build.0 = Debug|Win32
		{D522BA66-C760-447C-87D5-4C19662A32C5}.Debug|x64.ActiveCfg = Debug|Win32
		{D522BA66-C760-447C-87D5-4C19662A32C5}.Release|Win32.ActiveCfg = Release|Win32
		{D522BA66-C760-447C-87D5-4C19662A32C5}.Release|Win32.Build.0 = Release|Win32
		{D522BA66-C760-447C-87D5-4C19662A32C5}.Release|x64.ActiveCfg = Release|Win32
		{C950B530-8788-44A0-AB44-3BD3E19D4468}.Debug|Win32.ActiveCfg = Debug|Win32
		{C950B530-8788-44A0-AB44-3BD3E19D4468}.Debug|Win32.Build.0 = Debug|Win32
		{C950B530-8788-44A0-AB44-3BD3E19D4468}.Debug|x64.ActiveCfg = Debug|Win32
		{C950B530-8788-44A0-AB44-3BD3E19D4468}.Release|Win32.ActiveCfg = Release|Win32
		{C950B530-8788-44A0-AB44-3BD3E19D4468}.Release|Win32.Build.0 = Release|Win32
		{C950B530-8788-44A0-AB44-3BD3E19D4468}.Release|x64.ActiveCfg = Release|Win32
		{F3C836DE-FB34-4345-87AD-545914321881}.Debug|Win32.ActiveCfg = Debug|Win32
		{F3C836DE-FB34-4345-87AD-545914321881}.Debug|Win32.Build.0 = Debug|Win32
		{F3C836DE-FB34-4345-87AD-545914321881}.Debug|x64.ActiveCfg = Debug|Win32
		{F3C836DE-FB34-4345-87AD-545914321881}.Release|Win32.ActiveCfg = Release|Win32
		{F3C836DE-FB34-4345-87AD-545914321881}.Release|Win32.Build.0 = Release|Win32
		{F3C836DE-FB34-4345-87AD-545914321881}.Release|x64.ActiveCfg = Release|Win32
		{F0189853-DFE1-4B23-920A-703AFDE34F4B}.Debug|Win32.ActiveCfg = Debug|Win32
		{F0189853-DFE1-4B23-920A-703AFDE34F4B}.Debug|Win32.Build.0 = Debug|Win32
		{F0189853-DFE1-4B23-920A-703AFDE34F4B}.Debug|x64.ActiveCfg = Debug|Win32
		{F0189853-DFE1-4B23-920A-703AFDE34F4B}.Release|Win32.ActiveCfg = Release|Win32
		{F0189853-DFE1-4B23-920A-703AFDE34F4B}.Release|Win32.Build.0 = Release|Win32
		{F0189853-DFE1-4B23-920A-703AFDE34F4B}.Release|x64.ActiveCfg = Release|Win32
		{4C6D9480-B7F7-40C5-A7CA-6454CCDE21A0}.Debug|Win32.ActiveCfg = Debug|Win32
		{4C6D9480-B7F7-40C5-A7CA-6454CCDE21A0}.Debug|Win32.Build.0 = Debug|Win32
		{4C6D9480-B7F7-40C5-A7CA-6454CCDE21A0}.Debug|x64.ActiveCfg = Debug|Win32
		{4C6D9480-B7F7-40C5-A7CA-6454CCDE21A0}.Release|Win32.ActiveCfg = Release|Win32
		{4C6D9480-B7F7-40C5-A7CA-6454CCDE21A0}.Release|Win32.Build.0 = Release|Win32
		{4C6D9480-B7F7-40C5-A7CA-6454CCDE21A0}.Release|x64.ActiveCfg = Release|Win32
		{54EE6015-19C9-460E-BC82-1F6DB65D5B4C}.Debug|Win32.ActiveCfg = Debug|Win32
		{54EE6015-19C9-460E-BC82-1F6DB65D5B4C}.Debug|Win32.Build.0 = Debug|Win32
		{54EE6015-19C9-460E-BC82-1F6DB65D5B4C}.Debug|x64.ActiveCfg = Debug|Win32
		{54EE6015-19C9-460E-BC82-1F6DB65D5B4C}.Release|Win32.ActiveCfg = Release|Win32
		{54EE6015-19C9-460E-BC82-1F6DB65D5B4C}.Release|Win32.Build.0 = Release|Win32
		{54EE6015-19C9-460E-BC82-1F6DB65D5B4C}.Release|x64.ActiveCfg = Release|Win32
		{00FCCCDA-9662-45C7-9E79-6DA70AD9BE72}.Debug|Win32.ActiveCfg = Debug|Win32
		{00FCCCDA-9662-45C7-9E79-6DA70AD9BE72}.Debug|Win32.Build.0 = Debug|Win32
		{00FCCCDA-9662-45C7-9E79-6DA70AD9BE72}.Debug|x64.ActiveCfg = Debug|Win32
		{00FCCCDA-9662-45C7-9E79-6DA70AD9BE72}.Release|Win32.ActiveCfg = Release|Win32
		{00FCCCDA-9662-45C7-9E79-6DA70AD9BE72}.Release|Win32.Build.0 = Release|Win32
		{00FCCCDA-9662-45C7-9E79-6DA70AD9BE72}.Release|x64.ActiveCfg = Release|Win32
		{413F44C8-05F2-46C6-8236-E5D1941F3D9D}.Debug|Win32.ActiveCfg = Debug|Win32
		{413F44C8-05F2-46C6-8236-E5D1941F3D9D}.Debug|Win32.Build.0 = Debug|Win32
		{413F44C8-05F2-46C6-8236-E5D1941F3D9D}.Debug|x64.ActiveCfg = Debug|Win32
		{413F44C8-05F2-46C6-8236-E5D1941F3D9D}.Release|Win32.ActiveCfg = Release|Win32
		{413F44C8-05F2-46C6-8236-E5D1941F3D9D}.Release|Win32.Build.0 = Release|Win32
		{413F44C8-05F2-46C6-8236-E5D1941F3D9D}.Release|x64.ActiveCfg = Release|Win32
		{6E5B7B8F-732B-45AE-AE7C-15F7A0BD620C}.Debug|Win32.ActiveCfg = Debug|Win32
		{6E5B7B8F-732B-45AE-AE7C-15F7A0BD620C}.Debug|Win32.Build.0 = Debug|Win32
		{6E5B7B8F-732B-45AE-AE7C-15F7A0BD620C}.Debug|x64.ActiveCfg = Debug|Win32
		{6E5B7B8F-732B-45AE-AE7C-15F7A0BD620C}.Release|Win32.ActiveCfg = Release|Win32
		{6E5B7B8F-732B-45AE-AE7C-15F7A0BD620C}.Release|Win32.Build.0 = Release|Win32
		{6E5B7B8F-732B-45AE-AE7C-15F7A0BD620C}.Release|x64.ActiveCfg = Release|Win32
		{006D593B-B686-4CD9-8722-6806A44AC5BB}.Debug|Win32.ActiveCfg = Debug|Win32
		{006D593B-B686-4CD9-8722-6806A44AC5BB}.Debug|Win32.Build.0 = Debug|Win32
		{006D593B-B686-4CD9-8722-6806A44AC5BB}.Debug|x64.ActiveCfg = Debug|Win32
		{006D593B-B686-4CD9-8722-6806A44AC5BB}.Release|Win32.ActiveCfg = Release|Win32
		{006D593B-B686-4CD9-8722-6806A44AC5BB}.Release|Win32.Build.0 = Release|Win32
		{006D593B-B686-4CD9-8722-6806A44AC5BB}.Release|x64.ActiveCfg = Release|Win32
		{5224FFC1-0EA3-4C08-9B85-F64CBBC9925C}.Debug|Win32.ActiveCfg = Debug|Win32
		{5224FFC1-0EA3-4C08-9B85-F64CBBC9925C}.Debug|Win32.Build.0 = Debug|Win32
		{5224FFC1-0EA3-4C08-9B85-F64CBBC9925C}.Debug|x64.ActiveCfg = Debug|Win32
		{5224FFC1-0EA3-4C08-9B85-F64CBBC9925C}.Release|Win32.ActiveCfg = Release|Win32
		{5224FFC1-0EA3-4C08-9B85-F64CBBC9925C}.Release|Win32.Build.0 = Release|Win32
		{5224FFC1-0EA3-4C08-9B85-F64CBBC9925C}.Release|x64.ActiveCfg = Release|Win32
		{134A5239-E08F-4C3E-BEB9-E5430A3D24C0}.Debug|Win32.ActiveCfg = Debug|Win32
		{134A5239-E08F-4C3E-BEB9-E5430A3D24C0}.Debug|Win32.Build.0 = Debug|Win32
		{134A5239-E08F-4C3E-BEB9-E5430A3D24C0}.Debug|x64.ActiveCfg = Debug|Win32
		{134A5239-E08F-4C3E-BEB9-E5430A3D24C0}.Release|Win32.ActiveCfg = Release|Win32
		{134A5239-E08F-4C3E-BEB9-E5430A3D24C0}.Release|Win32.Build.0 = Release|Win32
		{134A5239-E08F-4C3E-BEB9-E5430A3D24C0}.Release|x64.ActiveCfg = Release|Win32
		{6B046CF6-DAED-47FA-98E3-14BD0EFB851B}.Debug|Win32.ActiveCfg = Debug|Win32
		{6B046CF6-DAED-47FA-98E3-14BD0EFB851B}.Debug|Win32.Build.0 = Debug|Win32
		{6B046CF6-DAED-47FA-98E3-14BD0EFB851B}.Debug|x64.ActiveCfg = Debug|Win32
		{6B046CF6-DAED-47FA-98E3-14BD0EFB851B}.Release|Win32.ActiveCfg = Release|Win32
		{6B046CF6-DAED-47FA-98E3-14BD0EFB851B}.Release|Win32.Build.0 = Release|Win32
		{6B046CF6-DAED-47FA-98E3-14BD0EFB851B}.Release|x64.ActiveCfg = Release|Win32
		{AF8E20FE-8B78-4B28-BD6F-0A466C185FC1}.Debug|Win32.ActiveCfg = Debug|Win32
		{AF8E20FE-8B78-4B28-BD6F-0A466C185FC1}.Debug|Win32.Build.0 = Debug|Win32
		{AF8E20FE-8B78-4B28-BD6F-0A466C185FC1}.Debug|x64.ActiveCfg = Debug|Win32
		{AF8E20FE-8B78-4B28-BD6F-0A466C185FC1}.Release|Win32.ActiveCfg = Release|Win32
		{AF8E20FE-8B78-4B28-BD6F-0A466C185FC1}.Release|Win32.Build.0 = Release|Win32
		{AF8E20FE-8B78-4B28-BD6F-0A466C185FC1}.Release|x64.ActiveCfg = Release|Win32
		{2B020CE7-75A2-4BAD-B1AE-9C3E834511AC}.Debug|Win32.ActiveCfg = Debug|Win32
		{2B020CE7-75A2-4BAD-B1AE-9C3E834511AC}.Debug|Win32.Build.0 = Debug|Win32
		{2B020CE7-75A2-4BAD-B1AE-9C3E834511AC}.Debug|x64.ActiveCfg = Debug|Win32
		{2B020CE7-75A2-4BAD-B1AE-9C3E834511AC}.Release|Win32.ActiveCfg = Release|Win32
		{2B020CE7-75A2-4BAD-B1AE-9C3E834511AC}.Release|Win32.Build.0 = Release|Win32
		{2B020CE7-75A2-4BAD-B1AE-9C3E834511AC}.Release|x64.ActiveCfg = Release|Win32
		{3819B757-CFFB-4AF6-891E-FF2DE701DFD4}.Debug|Win32.ActiveCfg = Debug|Win32
		{3819B757-CFFB-4AF6-891E-FF2DE701DFD4}.Debug|Win32.Build.0 = Debug|Win32
		{3819B757-CFFB-4AF6-891E-FF2DE701DFD4}.Debug|x64.ActiveCfg = Debug|x64
		{3819B757-CFFB-4AF6-891E-FF2DE701DFD4}.Debug|x64.Build.0 = Debug|x64
		{3819B757-CFFB-4AF6-891E-FF2DE701DFD4}.Release|Win32.ActiveCfg = Release|Win32
		{3819B757-CFFB-4AF6-891E-FF2DE701DFD4}.Release|Win32.Build.0 = Release|Win32
		{3819B757-CFFB-4AF6-891E-FF2DE701DFD4}.Release|x64.ActiveCfg = Release|x64
		{3819B757-CFFB-4AF6-891E-FF2DE701DFD4}.Release|x64.Build.0 = Release|x64
		{FC7C55D5-5AA9-411E-8636-0E53C07B606A}.Debug|Win32.ActiveCfg = Debug|Win32
		{FC7C55D5-5AA9-411E-8636-0E53C07B606A}.Debug|Win32.Build.0 = Debug|Win32
		{FC7C55D5-5AA9-411E-8636-0E53C07B606A}.Debug|x64.ActiveCfg = Debug|Win32
		{FC7C55D5-5AA9-411E-8636-0E53C07B606A}.Release|Win32.ActiveCfg = Release|Win32
		{FC7C55D5-5AA9-411E-8636-0E53C07B606A}.Release|Win32.Build.0 = Release|Win32
		{FC7C55D5-5AA9-411E-8636-0E53C07B606A}.Release|x64.ActiveCfg = Release|Win32
		{A1A4886A-AA48-4A07-94F8-4705815741F7}.Debug|Win32.ActiveCfg = Debug|Win32
		{A1A4886A-AA48-4A07-94F8-4705815741F7}.Debug|Win32.Build.0 = Debug|Win32
		{A1A4886A-AA48-4A07-94F8-4705815741F7}.Debug|x64.ActiveCfg = Debug|Win32
		{A1A4886A-AA48-4A07-94F8-4705815741F7}.Release|Win32.ActiveCfg = Release|Win32
		{A1A4886A-AA48-4A07-94F8-4705815741F7}.Release|Win32.Build.0 = Release|Win32
		{A1A4886A-AA48-4A07-94F8-4705815741F7}.Release|x64.ActiveCfg = Release|Win32
		{2EEDD012-5D4A-4896-8147-392177B62F7D}.Debug|Win32.ActiveCfg = Debug|Win32
		{2EEDD012-5D4A-4896-8147-392177B62F7D}.Debug|Win32.Build.0 = Debug|Win32
		{2EEDD012-5D4A-4896-8147-392177B62F7D}.Debug|x64.ActiveCfg = Debug|Win32
		{2EEDD012-5D4A-4896-8147-392177B62F7D}.Release|Win32.ActiveCfg = Release|Win32
		{2EEDD012-5D4A-4896-8147-392177B62F7D}.Release|Win32.Build.0 = Release|Win32
		{2EEDD012-5D4A-4896-8147-392177B62F7D}.Release|x64.ActiveCfg = Release|Win32
		{134690EE-8008-4FFC-B578-BDFF47F3840D}.Debug|Win32.ActiveCfg = Debug|Win32
		{134690EE-8008-4FFC-B578-BDFF47F3840D}.Debug|Win32.Build.0 = Debug|Win32
		{134690EE-8008-4FFC-B578-BDFF47F3840D}.Debug|x64.ActiveCfg = Debug|Win32
		{134690EE-8008-4FFC-B578-BDFF47F3840D}.Release|Win32.ActiveCfg = Release|Win32
		{134690EE-8008-4FFC-B578-BDFF47F3840D}.Release|Win32.Build.0 = Release|Win32
		{134690EE-8008-4FFC-B578-BDFF47F3840D}.Release|x64.ActiveCfg = Release|Win32
		{4A5CC8DB-CD04-43B1-968C-BD43E4091161}.Debug|Win32.ActiveCfg = Debug|Win32
		{4A5CC8DB-CD04-43B1-968C-BD43E4091161}.Debug|Win32.Build.0 = Debug|Win32
		{4A5CC8DB-CD04-43B1-968C-BD43E4091161}.Debug|x64.ActiveCfg = Debug|Win32
		{4A5CC8DB-CD04-43B1-968C-BD43E4091161}.Release|Win32.ActiveCfg = Release|Win32
		{4A5CC8DB-CD04-43B1-968C-BD43E4091161}.Release|Win32.Build.0 = Release|Win32
		{4A5CC8DB-CD04-43B1-968C-BD43E4091161}.Release|x64.ActiveCfg = Release|Win32
		{E2F55A8F-3700-411D-81CA-47DBD087C1FC}.Debug|Win32.ActiveCfg = Debug|Win32
		{E2F55A8F-3700-411D-81CA-47DBD087C1FC}.Debug|Win32.Build.0 = Debug|Win32
		{E2F55A8F-3700-411D-81CA-47DBD087C1FC}.Debug|x64.ActiveCfg = Debug|Win32
		{E2F55A8F-3700-411D-81CA-47DBD087C1FC}.Release|Win32.ActiveCfg = Release|Win32
		{E2F55A8F-3700-411D-81CA-47DBD087C1FC}.Release|Win32.Build.0 = Release|Win32
		{E2F55A8F-3700-411D-81CA-47DBD087C1FC}.Release|x64.ActiveCfg = Release|Win32
		{16D6528E-E2E6-4569-BA28-13BCC793B851}.Debug|Win32.ActiveCfg = Debug|Win32
		{16D6528E-E2E6-4569-BA28-13BCC793B851}.Debug|Win32.Build.0 = Debug|Win32
		{16D6528E-E2E6-4569-BA28-13BCC793B851}.Debug|x64.ActiveCfg = Debug|Win32
		{16D6528E-E2E6-4569-BA28-13BCC793B851}.Release|Win32.ActiveCfg = Release|Win32
		{16D6528E-E2E6-4569-BA28-13BCC793B851}.Release|Win32.Build.0 = Release|Win32
		{16D6528E-E2E6-4569-BA28-13BCC793B851}.Release|x64.ActiveCfg = Release|Win32
		{32A5E173-2D4A-48AA-86E7-827926C38AE4}.Debug|Win32.ActiveCfg = Debug|Win32
		{32A5E173-2D4A-48AA-86E7-827926C38AE4}.Debug|Win32.Build.0 = Debug|Win32
		{32A5E173-2D4A-48AA-86E7-827926C38AE4}.Debug|x64.ActiveCfg = Debug|x64
		{32A5E173-2D4A-48AA-86E7-827926C38AE4}.Debug|x64.Build.0 = Debug|x64
		{32A5E173-2D4A-48AA-86E7-827926C38AE4}.Release|Win32.ActiveCfg = Release|Win32
		{32A5E173-2D4A-48AA-86E7-827926C38AE4}.Release|Win32.Build.0 = Release|Win32
		{32A5E173-2D4A-48AA-86E7-827926C38AE4}.Release|x64.ActiveCfg = Release|x64
		{32A5E173-2D4A-48AA-86E7-827926C38AE4}.Release|x64.Build.0 = Release|x64
		{BB71CB90-AD34-4890-B243-E15F43614B76}.Debug|Win32.ActiveCfg = Debug|Win32
		{BB71CB90-AD34-4890-B243-E15F43614B76}.Debug|Win32.Build.0 = Debug|Win32
		{BB71CB90-AD34-4890-B243-E15F43614B76}.Debug|x64.ActiveCfg = Debug|x64
		{BB71CB90-AD34-4890-B243-E15F43614B76}.Debug|x64.Build.0 = Debug|x64
		{BB71CB90-AD34-4890-B243-E15F43614B76}.Release|Win32.ActiveCfg = Release|Win32
		{BB71CB90-AD34-4890-B243-E15F43614B76}.Release|Win32.Build.0 = Release|Win32
		{BB71CB90-AD34-4890-B243-E15F43614B76}.Release|x64.ActiveCfg = Release|x64
		{BB71CB90-AD34-4890-B243-E15F43614B76}.Release|x64.Build.0 = Release|x64
		{BF4D4116-AD9D-49EF-B3CD-D886F741F6C3}.Debug|Win32.ActiveCfg = Debug|Win32
		{BF4D4116-AD9D-49EF-B3CD-D886F741F6C3}.Debug|Win32.Build.0 = Debug|Win32
		{BF4D4116-AD9D-49EF-B3CD-D886F741F6C3}.Debug|x64.ActiveCfg = Debug|x64
		{BF4D4116-AD9D-49EF-B3CD-D886F741F6C3}.Debug|x64.Build.0 = Debug|x64
		{BF4D4116-AD9D-49EF-B3CD-D886F741F6C3}.Release|Win32.ActiveCfg = Release|Win32
		{BF4D4116-AD9D-49EF-B3CD-D886F741F6C3}.Release|Win32.Build.0 = Release|Win32
		{BF4D4116-AD9D-49EF-B3CD-D886F741F6C3}.Release|x64.ActiveCfg = Release|x64
		{BF4D4116-AD9D-49EF-B3CD-D886F741F6C3}.Release|x64.Build.0 = Release|x64
		{C24977D7-2DEB-498B-8813-E59A6A6C8AB5}.Debug|Win32.ActiveCfg = Debug|Win32
		{C24977D7-2DEB-498B-8813-E59A6A6C8AB5}.Debug|Win32.Build.0 = Debug|Win32
		{C24977D7-2DEB-498B-8813-E59A6A6C8AB5}.Debug|x64.ActiveCfg = Debug|x64
		{C24977D7-2DEB-498B-8813-E59A6A6C8AB5}.Debug|x64.Build.0 = Debug|x64
		{C24977D7-2DEB-498B-8813-E59A6A6C8AB5}.Release|Win32.ActiveCfg = Release|Win32
		{C24977D7-2DEB-498B-8813-E59A6A6C8AB5}.Release|Win32.Build.0 = Release|Win32
		{C24977D7-2DEB-498B-8813-E59A6A6C8AB5}.Release|x64.ActiveCfg = Release|x64
		{C24977D7-2DEB-498B-8813-E59A6A6C8AB5}.Release|x64.Build.0 = Release|x64
		{3DC36031-BD29-45BC-A05A-0622901FAD2F}.Debug|Win32.ActiveCfg = Debug|Win32
		{3DC36031-BD29-45BC-A05A-0622901FAD2F}.Debug|Win32.Build.0 = Debug|Win32
		{3DC36031-BD29-45BC-A05A-0622901FAD2F}.Debug|x64.ActiveCfg = Debug|x64
		{3DC36031-BD29-45BC-A05A-0622901FAD2F}.Debug|x64.Build.0 = Debug|x64
		{3DC36031-BD29-45BC-A05A-0622901FAD2F}.Release|Win32.ActiveCfg = Release|Win32
		{3DC36031-BD29-45BC-A05A-0622901FAD2F}.Release|Win32.Build.0 = Release|Win32
		{3DC36031-BD29-45BC-A05A-0622901FAD2F}.Release|x64.ActiveCfg = Release|x64
		{3DC36031-BD29-45BC-A05A-0622901FAD2F}.Release|x64.Build.0 = Release|x64
		{56BDA950-37EB-46E0-9CC3-465AFAA5D5FE}.Debug|Win32.ActiveCfg = Debug|Win32
		{56BDA950-37EB-46E0-9CC3-465AFAA5D5FE}.Debug|Win32.Build.0 = Debug|Win32
		{56BDA950-37EB-46E0-9CC3-465AFAA5D5FE}.Debug|x64.ActiveCfg = Debug|x64
		{56BDA950-37EB-46E0-9CC3-465AFAA5D5FE}.Debug|x64.Build.0 = Debug|x64
		{56BDA950-37EB-46E0-9CC3-465AFAA5D5FE}.Release|Win32.ActiveCfg = Release|Win32
		{56BDA950-37EB-46E0-9CC3-465AFAA5D5FE}.Release|Win32.Build.0 = Release|Win32
		{56BDA950-37EB-46E0-9CC3-465AFAA5D5FE}.Release|x64.ActiveCfg = Release|x64
		{56BDA950-37EB-46E0-9CC3-465AFAA5D5FE}.Release|x64.Build.0 = Release|x64
	EndGlobalSection
	GlobalSection(SolutionProperties) = preSolution
		HideSolutionNode = FALSE
	EndGlobalSection
EndGlobal
